
Microsoft Visual Studio Solution File, Format Version 12.00
# Visual Studio Version 16
VisualStudioVersion = 16.0.31729.503
MinimumVisualStudioVersion = 10.0.40219.1
Project("{2150E333-8FDC-42A3-9474-1A3956D46DE8}") = "MicroServices", "MicroServices", "{027AEBD8-6E8C-43BE-8007-0ED03EE01752}"
EndProject
Project("{2150E333-8FDC-42A3-9474-1A3956D46DE8}") = "Manager", "Manager", "{3B4ABD7F-345E-4F69-B9A2-96FC178400CB}"
EndProject
Project("{9A19103F-16F7-4668-BE54-9A1E7A4F7556}") = "Manager.API", "src\MicroServices\Manager\Manager.API\Manager.API.csproj", "{D3720BA2-42F4-427A-A03A-50012F659252}"
EndProject
Project("{2150E333-8FDC-42A3-9474-1A3956D46DE8}") = "TeamMember", "TeamMember", "{E757AD8B-E709-4B63-A6E9-5FF5A07CAA11}"
EndProject
Project("{9A19103F-16F7-4668-BE54-9A1E7A4F7556}") = "TeamMember.API", "src\MicroServices\TeamMember\TeamMember.API\TeamMember.API.csproj", "{C5379EAC-25A7-4FFD-9471-9DA04B4306D2}"
EndProject
Project("{2150E333-8FDC-42A3-9474-1A3956D46DE8}") = "BuildingBlocks", "BuildingBlocks", "{BDAED97A-FAC3-40E5-B1FA-232133EE056E}"
EndProject
Project("{9A19103F-16F7-4668-BE54-9A1E7A4F7556}") = "EventBus.Messages", "src\BuildingBlocks\EventBus.Messages\EventBus.Messages.csproj", "{E271A236-02F5-401A-941B-DC2E7F65B1D1}"
EndProject
Project("{2150E333-8FDC-42A3-9474-1A3956D46DE8}") = "ApiGateways", "ApiGateways", "{3E2446D0-4CB9-47DA-A3EC-B4820C864CE7}"
EndProject
Project("{9A19103F-16F7-4668-BE54-9A1E7A4F7556}") = "OcoletApiGateway", "src\ApiGateways\OcoletApiGateway\OcoletApiGateway.csproj", "{4B627854-CD5D-40CD-A8AC-7A4E45A35F65}"
EndProject
Project("{E53339B2-1760-4266-BCC7-CA923CBCF16C}") = "docker-compose", "docker-compose.dcproj", "{B9257FF6-AF60-41D1-864C-F7653855C218}"
EndProject
Project("{2150E333-8FDC-42A3-9474-1A3956D46DE8}") = "JwtAuthenticationManager", "JwtAuthenticationManager", "{21A600AB-33A5-4F5E-8DFF-A258E3E379C0}"
EndProject
Project("{9A19103F-16F7-4668-BE54-9A1E7A4F7556}") = "JwtAuthentocationManager", "src\JwtAuthentocationManager\JwtAuthentocationManager.csproj", "{BBF3CD5B-68C1-4B49-A5B3-D022708C2610}"
EndProject
Project("{2150E333-8FDC-42A3-9474-1A3956D46DE8}") = "AuthenticationWebApiNew", "AuthenticationWebApiNew", "{B43F5E48-7272-4627-8B8E-6A1782823FF8}"
EndProject
Project("{FAE04EC0-301F-11D3-BF4B-00C04F79EFBC}") = "Authentication.API", "src\AuthenticationWebApiNew\Authentication.API\Authentication.API.csproj", "{2F1962B0-FAC4-40B4-8226-D7F6CA54944D}"
EndProject
Global
	GlobalSection(SolutionConfigurationPlatforms) = preSolution
		Debug|Any CPU = Debug|Any CPU
		Release|Any CPU = Release|Any CPU
	EndGlobalSection
	GlobalSection(ProjectConfigurationPlatforms) = postSolution
		{D3720BA2-42F4-427A-A03A-50012F659252}.Debug|Any CPU.ActiveCfg = Debug|Any CPU
		{D3720BA2-42F4-427A-A03A-50012F659252}.Debug|Any CPU.Build.0 = Debug|Any CPU
		{D3720BA2-42F4-427A-A03A-50012F659252}.Release|Any CPU.ActiveCfg = Release|Any CPU
		{D3720BA2-42F4-427A-A03A-50012F659252}.Release|Any CPU.Build.0 = Release|Any CPU
		{C5379EAC-25A7-4FFD-9471-9DA04B4306D2}.Debug|Any CPU.ActiveCfg = Debug|Any CPU
		{C5379EAC-25A7-4FFD-9471-9DA04B4306D2}.Debug|Any CPU.Build.0 = Debug|Any CPU
		{C5379EAC-25A7-4FFD-9471-9DA04B4306D2}.Release|Any CPU.ActiveCfg = Release|Any CPU
		{C5379EAC-25A7-4FFD-9471-9DA04B4306D2}.Release|Any CPU.Build.0 = Release|Any CPU
		{E271A236-02F5-401A-941B-DC2E7F65B1D1}.Debug|Any CPU.ActiveCfg = Debug|Any CPU
		{E271A236-02F5-401A-941B-DC2E7F65B1D1}.Debug|Any CPU.Build.0 = Debug|Any CPU
		{E271A236-02F5-401A-941B-DC2E7F65B1D1}.Release|Any CPU.ActiveCfg = Release|Any CPU
		{E271A236-02F5-401A-941B-DC2E7F65B1D1}.Release|Any CPU.Build.0 = Release|Any CPU
		{4B627854-CD5D-40CD-A8AC-7A4E45A35F65}.Debug|Any CPU.ActiveCfg = Debug|Any CPU
		{4B627854-CD5D-40CD-A8AC-7A4E45A35F65}.Debug|Any CPU.Build.0 = Debug|Any CPU
		{4B627854-CD5D-40CD-A8AC-7A4E45A35F65}.Release|Any CPU.ActiveCfg = Release|Any CPU
		{4B627854-CD5D-40CD-A8AC-7A4E45A35F65}.Release|Any CPU.Build.0 = Release|Any CPU
		{B9257FF6-AF60-41D1-864C-F7653855C218}.Debug|Any CPU.ActiveCfg = Debug|Any CPU
		{B9257FF6-AF60-41D1-864C-F7653855C218}.Debug|Any CPU.Build.0 = Debug|Any CPU
		{B9257FF6-AF60-41D1-864C-F7653855C218}.Release|Any CPU.ActiveCfg = Release|Any CPU
		{B9257FF6-AF60-41D1-864C-F7653855C218}.Release|Any CPU.Build.0 = Release|Any CPU
		{BBF3CD5B-68C1-4B49-A5B3-D022708C2610}.Debug|Any CPU.ActiveCfg = Debug|Any CPU
		{BBF3CD5B-68C1-4B49-A5B3-D022708C2610}.Debug|Any CPU.Build.0 = Debug|Any CPU
		{BBF3CD5B-68C1-4B49-A5B3-D022708C2610}.Release|Any CPU.ActiveCfg = Release|Any CPU
		{BBF3CD5B-68C1-4B49-A5B3-D022708C2610}.Release|Any CPU.Build.0 = Release|Any CPU
		{2F1962B0-FAC4-40B4-8226-D7F6CA54944D}.Debug|Any CPU.ActiveCfg = Debug|Any CPU
		{2F1962B0-FAC4-40B4-8226-D7F6CA54944D}.Debug|Any CPU.Build.0 = Debug|Any CPU
		{2F1962B0-FAC4-40B4-8226-D7F6CA54944D}.Release|Any CPU.ActiveCfg = Release|Any CPU
		{2F1962B0-FAC4-40B4-8226-D7F6CA54944D}.Release|Any CPU.Build.0 = Release|Any CPU
	EndGlobalSection
	GlobalSection(SolutionProperties) = preSolution
		HideSolutionNode = FALSE
	EndGlobalSection
	GlobalSection(NestedProjects) = preSolution
		{3B4ABD7F-345E-4F69-B9A2-96FC178400CB} = {027AEBD8-6E8C-43BE-8007-0ED03EE01752}
		{D3720BA2-42F4-427A-A03A-50012F659252} = {3B4ABD7F-345E-4F69-B9A2-96FC178400CB}
		{E757AD8B-E709-4B63-A6E9-5FF5A07CAA11} = {027AEBD8-6E8C-43BE-8007-0ED03EE01752}
		{C5379EAC-25A7-4FFD-9471-9DA04B4306D2} = {E757AD8B-E709-4B63-A6E9-5FF5A07CAA11}
		{E271A236-02F5-401A-941B-DC2E7F65B1D1} = {BDAED97A-FAC3-40E5-B1FA-232133EE056E}
		{4B627854-CD5D-40CD-A8AC-7A4E45A35F65} = {3E2446D0-4CB9-47DA-A3EC-B4820C864CE7}
		{BBF3CD5B-68C1-4B49-A5B3-D022708C2610} = {21A600AB-33A5-4F5E-8DFF-A258E3E379C0}
		{2F1962B0-FAC4-40B4-8226-D7F6CA54944D} = {B43F5E48-7272-4627-8B8E-6A1782823FF8}
	EndGlobalSection
	GlobalSection(ExtensibilityGlobals) = postSolution
		SolutionGuid = {C662A192-2B6A-42A1-9CB9-44B6DDA33CF7}
	EndGlobalSection
EndGlobal
